
Microsoft Visual Studio Solution File, Format Version 12.00
# Visual Studio Version 17
VisualStudioVersion = 17.9.34607.119
MinimumVisualStudioVersion = 10.0.40219.1
Project("{FAE04EC0-301F-11D3-BF4B-00C04F79EFBC}") = "HelloWorld", "HelloWorld.csproj", "{A92BA4EE-5E1F-4475-ADCA-F1A34BDBA2E4}"
EndProject
Global
	GlobalSection(SolutionConfigurationPlatforms) = preSolution
		Debug|Any CPU = Debug|Any CPU
		Release|Any CPU = Release|Any CPU
	EndGlobalSection
	GlobalSection(ProjectConfigurationPlatforms) = postSolution
		{A92BA4EE-5E1F-4475-ADCA-F1A34BDBA2E4}.Debug|Any CPU.ActiveCfg = Debug|Any CPU
		{A92BA4EE-5E1F-4475-ADCA-F1A34BDBA2E4}.Debug|Any CPU.Build.0 = Debug|Any CPU
		{A92BA4EE-5E1F-4475-ADCA-F1A34BDBA2E4}.Release|Any CPU.ActiveCfg = Release|Any CPU
		{A92BA4EE-5E1F-4475-ADCA-F1A34BDBA2E4}.Release|Any CPU.Build.0 = Release|Any CPU
	EndGlobalSection
	GlobalSection(SolutionProperties) = preSolution
		HideSolutionNode = FALSE
	EndGlobalSection
	GlobalSection(ExtensibilityGlobals) = postSolution
		SolutionGuid = {E9927D95-97B5-452F-8669-F55AD3F8F1D9}
	EndGlobalSection
EndGlobal
